
Microsoft Visual Studio Solution File, Format Version 12.00
# Visual Studio Version 17
VisualStudioVersion = 17.8.34322.80
MinimumVisualStudioVersion = 10.0.40219.1
Project("{FAE04EC0-301F-11D3-BF4B-00C04F79EFBC}") = "ToDoAppAPI", "ToDoAppAPI\ToDoAppAPI.csproj", "{8730787A-8765-476B-90F4-15E955F94A78}"
EndProject
Global
	GlobalSection(SolutionConfigurationPlatforms) = preSolution
		Debug|Any CPU = Debug|Any CPU
		Release|Any CPU = Release|Any CPU
	EndGlobalSection
	GlobalSection(ProjectConfigurationPlatforms) = postSolution
		{8730787A-8765-476B-90F4-15E955F94A78}.Debug|Any CPU.ActiveCfg = Debug|Any CPU
		{8730787A-8765-476B-90F4-15E955F94A78}.Debug|Any CPU.Build.0 = Debug|Any CPU
		{8730787A-8765-476B-90F4-15E955F94A78}.Release|Any CPU.ActiveCfg = Release|Any CPU
		{8730787A-8765-476B-90F4-15E955F94A78}.Release|Any CPU.Build.0 = Release|Any CPU
	EndGlobalSection
	GlobalSection(SolutionProperties) = preSolution
		HideSolutionNode = FALSE
	EndGlobalSection
	GlobalSection(ExtensibilityGlobals) = postSolution
		SolutionGuid = {F5DA94EB-ED74-43B7-84DC-D9862B849D0E}
	EndGlobalSection
EndGlobal
